
Microsoft Visual Studio Solution File, Format Version 12.00
# Visual Studio 15
VisualStudioVersion = 15.0.26124.0
MinimumVisualStudioVersion = 15.0.26124.0
Project("{FAE04EC0-301F-11D3-BF4B-00C04F79EFBC}") = "SA.Domain", "Domain\SA.Domain.csproj", "{F8C756D4-692E-4B20-94FE-6A39C991CCB1}"
EndProject
Project("{FAE04EC0-301F-11D3-BF4B-00C04F79EFBC}") = "SA.Domain.Tests", "Domain.Tests\SA.Domain.Tests.csproj", "{DF7A1D0B-C122-48B5-908A-C4D0E57AA05A}"
EndProject
Project("{FAE04EC0-301F-11D3-BF4B-00C04F79EFBC}") = "SA.Application", "Application\SA.Application.csproj", "{F08833C1-3FDD-45B6-BF6D-68BFE559351E}"
EndProject
Project("{FAE04EC0-301F-11D3-BF4B-00C04F79EFBC}") = "SA.Application.Tests", "Application.Tests\SA.Application.Tests.csproj", "{D3E71FC5-8BA8-4667-A109-4B30B522D461}"
EndProject
Project("{FAE04EC0-301F-11D3-BF4B-00C04F79EFBC}") = "SA.API", "API\SA.API.csproj", "{C00DF260-20DD-4582-9779-AB45C63F3AAD}"
EndProject
Project("{FAE04EC0-301F-11D3-BF4B-00C04F79EFBC}") = "SA.API.Tests", "API.Tests\SA.API.Tests.csproj", "{D603A2BF-8C35-4160-AB99-C04813EF7FAE}"
EndProject
Project("{FAE04EC0-301F-11D3-BF4B-00C04F79EFBC}") = "SA.Infrastructure", "Infrastructure\SA.Infrastructure.csproj", "{7D31A237-4148-4505-B4DD-E6B91A565F55}"
EndProject
Global
	GlobalSection(SolutionConfigurationPlatforms) = preSolution
		Debug|Any CPU = Debug|Any CPU
		Debug|x64 = Debug|x64
		Debug|x86 = Debug|x86
		Release|Any CPU = Release|Any CPU
		Release|x64 = Release|x64
		Release|x86 = Release|x86
	EndGlobalSection
	GlobalSection(SolutionProperties) = preSolution
		HideSolutionNode = FALSE
	EndGlobalSection
	GlobalSection(ProjectConfigurationPlatforms) = postSolution
		{F8C756D4-692E-4B20-94FE-6A39C991CCB1}.Debug|Any CPU.ActiveCfg = Debug|Any CPU
		{F8C756D4-692E-4B20-94FE-6A39C991CCB1}.Debug|Any CPU.Build.0 = Debug|Any CPU
		{F8C756D4-692E-4B20-94FE-6A39C991CCB1}.Debug|x64.ActiveCfg = Debug|Any CPU
		{F8C756D4-692E-4B20-94FE-6A39C991CCB1}.Debug|x64.Build.0 = Debug|Any CPU
		{F8C756D4-692E-4B20-94FE-6A39C991CCB1}.Debug|x86.ActiveCfg = Debug|Any CPU
		{F8C756D4-692E-4B20-94FE-6A39C991CCB1}.Debug|x86.Build.0 = Debug|Any CPU
		{F8C756D4-692E-4B20-94FE-6A39C991CCB1}.Release|Any CPU.ActiveCfg = Release|Any CPU
		{F8C756D4-692E-4B20-94FE-6A39C991CCB1}.Release|Any CPU.Build.0 = Release|Any CPU
		{F8C756D4-692E-4B20-94FE-6A39C991CCB1}.Release|x64.ActiveCfg = Release|Any CPU
		{F8C756D4-692E-4B20-94FE-6A39C991CCB1}.Release|x64.Build.0 = Release|Any CPU
		{F8C756D4-692E-4B20-94FE-6A39C991CCB1}.Release|x86.ActiveCfg = Release|Any CPU
		{F8C756D4-692E-4B20-94FE-6A39C991CCB1}.Release|x86.Build.0 = Release|Any CPU
		{DF7A1D0B-C122-48B5-908A-C4D0E57AA05A}.Debug|Any CPU.ActiveCfg = Debug|Any CPU
		{DF7A1D0B-C122-48B5-908A-C4D0E57AA05A}.Debug|Any CPU.Build.0 = Debug|Any CPU
		{DF7A1D0B-C122-48B5-908A-C4D0E57AA05A}.Debug|x64.ActiveCfg = Debug|Any CPU
		{DF7A1D0B-C122-48B5-908A-C4D0E57AA05A}.Debug|x64.Build.0 = Debug|Any CPU
		{DF7A1D0B-C122-48B5-908A-C4D0E57AA05A}.Debug|x86.ActiveCfg = Debug|Any CPU
		{DF7A1D0B-C122-48B5-908A-C4D0E57AA05A}.Debug|x86.Build.0 = Debug|Any CPU
		{DF7A1D0B-C122-48B5-908A-C4D0E57AA05A}.Release|Any CPU.ActiveCfg = Release|Any CPU
		{DF7A1D0B-C122-48B5-908A-C4D0E57AA05A}.Release|Any CPU.Build.0 = Release|Any CPU
		{DF7A1D0B-C122-48B5-908A-C4D0E57AA05A}.Release|x64.ActiveCfg = Release|Any CPU
		{DF7A1D0B-C122-48B5-908A-C4D0E57AA05A}.Release|x64.Build.0 = Release|Any CPU
		{DF7A1D0B-C122-48B5-908A-C4D0E57AA05A}.Release|x86.ActiveCfg = Release|Any CPU
		{DF7A1D0B-C122-48B5-908A-C4D0E57AA05A}.Release|x86.Build.0 = Release|Any CPU
		{F08833C1-3FDD-45B6-BF6D-68BFE559351E}.Debug|Any CPU.ActiveCfg = Debug|Any CPU
		{F08833C1-3FDD-45B6-BF6D-68BFE559351E}.Debug|Any CPU.Build.0 = Debug|Any CPU
		{F08833C1-3FDD-45B6-BF6D-68BFE559351E}.Debug|x64.ActiveCfg = Debug|Any CPU
		{F08833C1-3FDD-45B6-BF6D-68BFE559351E}.Debug|x64.Build.0 = Debug|Any CPU
		{F08833C1-3FDD-45B6-BF6D-68BFE559351E}.Debug|x86.ActiveCfg = Debug|Any CPU
		{F08833C1-3FDD-45B6-BF6D-68BFE559351E}.Debug|x86.Build.0 = Debug|Any CPU
		{F08833C1-3FDD-45B6-BF6D-68BFE559351E}.Release|Any CPU.ActiveCfg = Release|Any CPU
		{F08833C1-3FDD-45B6-BF6D-68BFE559351E}.Release|Any CPU.Build.0 = Release|Any CPU
		{F08833C1-3FDD-45B6-BF6D-68BFE559351E}.Release|x64.ActiveCfg = Release|Any CPU
		{F08833C1-3FDD-45B6-BF6D-68BFE559351E}.Release|x64.Build.0 = Release|Any CPU
		{F08833C1-3FDD-45B6-BF6D-68BFE559351E}.Release|x86.ActiveCfg = Release|Any CPU
		{F08833C1-3FDD-45B6-BF6D-68BFE559351E}.Release|x86.Build.0 = Release|Any CPU
		{D3E71FC5-8BA8-4667-A109-4B30B522D461}.Debug|Any CPU.ActiveCfg = Debug|Any CPU
		{D3E71FC5-8BA8-4667-A109-4B30B522D461}.Debug|Any CPU.Build.0 = Debug|Any CPU
		{D3E71FC5-8BA8-4667-A109-4B30B522D461}.Debug|x64.ActiveCfg = Debug|Any CPU
		{D3E71FC5-8BA8-4667-A109-4B30B522D461}.Debug|x64.Build.0 = Debug|Any CPU
		{D3E71FC5-8BA8-4667-A109-4B30B522D461}.Debug|x86.ActiveCfg = Debug|Any CPU
		{D3E71FC5-8BA8-4667-A109-4B30B522D461}.Debug|x86.Build.0 = Debug|Any CPU
		{D3E71FC5-8BA8-4667-A109-4B30B522D461}.Release|Any CPU.ActiveCfg = Release|Any CPU
		{D3E71FC5-8BA8-4667-A109-4B30B522D461}.Release|Any CPU.Build.0 = Release|Any CPU
		{D3E71FC5-8BA8-4667-A109-4B30B522D461}.Release|x64.ActiveCfg = Release|Any CPU
		{D3E71FC5-8BA8-4667-A109-4B30B522D461}.Release|x64.Build.0 = Release|Any CPU
		{D3E71FC5-8BA8-4667-A109-4B30B522D461}.Release|x86.ActiveCfg = Release|Any CPU
		{D3E71FC5-8BA8-4667-A109-4B30B522D461}.Release|x86.Build.0 = Release|Any CPU
		{C00DF260-20DD-4582-9779-AB45C63F3AAD}.Debug|Any CPU.ActiveCfg = Debug|Any CPU
		{C00DF260-20DD-4582-9779-AB45C63F3AAD}.Debug|Any CPU.Build.0 = Debug|Any CPU
		{C00DF260-20DD-4582-9779-AB45C63F3AAD}.Debug|x64.ActiveCfg = Debug|Any CPU
		{C00DF260-20DD-4582-9779-AB45C63F3AAD}.Debug|x64.Build.0 = Debug|Any CPU
		{C00DF260-20DD-4582-9779-AB45C63F3AAD}.Debug|x86.ActiveCfg = Debug|Any CPU
		{C00DF260-20DD-4582-9779-AB45C63F3AAD}.Debug|x86.Build.0 = Debug|Any CPU
		{C00DF260-20DD-4582-9779-AB45C63F3AAD}.Release|Any CPU.ActiveCfg = Release|Any CPU
		{C00DF260-20DD-4582-9779-AB45C63F3AAD}.Release|Any CPU.Build.0 = Release|Any CPU
		{C00DF260-20DD-4582-9779-AB45C63F3AAD}.Release|x64.ActiveCfg = Release|Any CPU
		{C00DF260-20DD-4582-9779-AB45C63F3AAD}.Release|x64.Build.0 = Release|Any CPU
		{C00DF260-20DD-4582-9779-AB45C63F3AAD}.Release|x86.ActiveCfg = Release|Any CPU
		{C00DF260-20DD-4582-9779-AB45C63F3AAD}.Release|x86.Build.0 = Release|Any CPU
		{D603A2BF-8C35-4160-AB99-C04813EF7FAE}.Debug|Any CPU.ActiveCfg = Debug|Any CPU
		{D603A2BF-8C35-4160-AB99-C04813EF7FAE}.Debug|Any CPU.Build.0 = Debug|Any CPU
		{D603A2BF-8C35-4160-AB99-C04813EF7FAE}.Debug|x64.ActiveCfg = Debug|Any CPU
		{D603A2BF-8C35-4160-AB99-C04813EF7FAE}.Debug|x64.Build.0 = Debug|Any CPU
		{D603A2BF-8C35-4160-AB99-C04813EF7FAE}.Debug|x86.ActiveCfg = Debug|Any CPU
		{D603A2BF-8C35-4160-AB99-C04813EF7FAE}.Debug|x86.Build.0 = Debug|Any CPU
		{D603A2BF-8C35-4160-AB99-C04813EF7FAE}.Release|Any CPU.ActiveCfg = Release|Any CPU
		{D603A2BF-8C35-4160-AB99-C04813EF7FAE}.Release|Any CPU.Build.0 = Release|Any CPU
		{D603A2BF-8C35-4160-AB99-C04813EF7FAE}.Release|x64.ActiveCfg = Release|Any CPU
		{D603A2BF-8C35-4160-AB99-C04813EF7FAE}.Release|x64.Build.0 = Release|Any CPU
		{D603A2BF-8C35-4160-AB99-C04813EF7FAE}.Release|x86.ActiveCfg = Release|Any CPU
		{D603A2BF-8C35-4160-AB99-C04813EF7FAE}.Release|x86.Build.0 = Release|Any CPU
		{7D31A237-4148-4505-B4DD-E6B91A565F55}.Debug|Any CPU.ActiveCfg = Debug|Any CPU
		{7D31A237-4148-4505-B4DD-E6B91A565F55}.Debug|Any CPU.Build.0 = Debug|Any CPU
		{7D31A237-4148-4505-B4DD-E6B91A565F55}.Debug|x64.ActiveCfg = Debug|Any CPU
		{7D31A237-4148-4505-B4DD-E6B91A565F55}.Debug|x64.Build.0 = Debug|Any CPU
		{7D31A237-4148-4505-B4DD-E6B91A565F55}.Debug|x86.ActiveCfg = Debug|Any CPU
		{7D31A237-4148-4505-B4DD-E6B91A565F55}.Debug|x86.Build.0 = Debug|Any CPU
		{7D31A237-4148-4505-B4DD-E6B91A565F55}.Release|Any CPU.ActiveCfg = Release|Any CPU
		{7D31A237-4148-4505-B4DD-E6B91A565F55}.Release|Any CPU.Build.0 = Release|Any CPU
		{7D31A237-4148-4505-B4DD-E6B91A565F55}.Release|x64.ActiveCfg = Release|Any CPU
		{7D31A237-4148-4505-B4DD-E6B91A565F55}.Release|x64.Build.0 = Release|Any CPU
		{7D31A237-4148-4505-B4DD-E6B91A565F55}.Release|x86.ActiveCfg = Release|Any CPU
		{7D31A237-4148-4505-B4DD-E6B91A565F55}.Release|x86.Build.0 = Release|Any CPU
	EndGlobalSection
EndGlobal
